
Microsoft Visual Studio Solution File, Format Version 12.00
# Visual Studio Version 16
VisualStudioVersion = 16.0.30711.63
MinimumVisualStudioVersion = 10.0.40219.1
Project("{FAE04EC0-301F-11D3-BF4B-00C04F79EFBC}") = "CourseReportEmailer", "CourseReportEmailer.csproj", "{928C036A-DF1F-4600-A6B6-AC5D6467426E}"
EndProject
Global
	GlobalSection(SolutionConfigurationPlatforms) = preSolution
		Debug|Any CPU = Debug|Any CPU
		Release|Any CPU = Release|Any CPU
	EndGlobalSection
	GlobalSection(ProjectConfigurationPlatforms) = postSolution
		{928C036A-DF1F-4600-A6B6-AC5D6467426E}.Debug|Any CPU.ActiveCfg = Debug|Any CPU
		{928C036A-DF1F-4600-A6B6-AC5D6467426E}.Debug|Any CPU.Build.0 = Debug|Any CPU
		{928C036A-DF1F-4600-A6B6-AC5D6467426E}.Release|Any CPU.ActiveCfg = Release|Any CPU
		{928C036A-DF1F-4600-A6B6-AC5D6467426E}.Release|Any CPU.Build.0 = Release|Any CPU
	EndGlobalSection
	GlobalSection(SolutionProperties) = preSolution
		HideSolutionNode = FALSE
	EndGlobalSection
	GlobalSection(ExtensibilityGlobals) = postSolution
		SolutionGuid = {5D65D1AB-2C79-48AB-8233-143A48831523}
	EndGlobalSection
EndGlobal
